
Microsoft Visual Studio Solution File, Format Version 12.00
Project("{FAE04EC0-301F-11D3-BF4B-00C04F79EFBC}") = "AgenticAI", "AgenticAI\AgenticAI.csproj", "{7866FBC6-AD5F-49F4-9804-1D36C98087BF}"
EndProject
Project("{FAE04EC0-301F-11D3-BF4B-00C04F79EFBC}") = "2-AgentSession", "2-AgentSession\2-AgentSession.csproj", "{BA9D0269-DDC1-4A96-B9CD-EE984796CE4D}"
EndProject
Project("{FAE04EC0-301F-11D3-BF4B-00C04F79EFBC}") = "3-StructuredOutput", "3-StructuredOutput\3-StructuredOutput.csproj", "{B2447D7F-E3CF-493B-ABCF-57399BD37579}"
EndProject
Project("{2150E333-8FDC-42A3-9474-1A3956D46DE8}") = "4-MinimalAgent", "4-MinimalAgent", "{85931CDC-C8DB-4DDA-A5DC-13A7818DF82D}"
EndProject
Project("{2150E333-8FDC-42A3-9474-1A3956D46DE8}") = "1-Basics", "1-Basics", "{8444736E-942C-4533-A5EB-6A63C1CD58CE}"
EndProject
Project("{2150E333-8FDC-42A3-9474-1A3956D46DE8}") = "2-Tools", "2-Tools", "{D6AD0676-CCB4-475E-8DAF-44B328C8ED44}"
EndProject
Project("{FAE04EC0-301F-11D3-BF4B-00C04F79EFBC}") = "1-FunctionCalls", "1-FunctionCalls\1-FunctionCalls.csproj", "{84F30331-4444-4557-AE26-BFF984A3B698}"
EndProject
Project("{FAE04EC0-301F-11D3-BF4B-00C04F79EFBC}") = "2-HITL", "2-HITL\2-HITL.csproj", "{218EEE93-6FD8-43B9-9E55-B1B64A55716B}"
EndProject
Global
	GlobalSection(SolutionConfigurationPlatforms) = preSolution
		Debug|Any CPU = Debug|Any CPU
		Release|Any CPU = Release|Any CPU
	EndGlobalSection
	GlobalSection(ProjectConfigurationPlatforms) = postSolution
		{7866FBC6-AD5F-49F4-9804-1D36C98087BF}.Debug|Any CPU.ActiveCfg = Debug|Any CPU
		{7866FBC6-AD5F-49F4-9804-1D36C98087BF}.Debug|Any CPU.Build.0 = Debug|Any CPU
		{7866FBC6-AD5F-49F4-9804-1D36C98087BF}.Release|Any CPU.ActiveCfg = Release|Any CPU
		{7866FBC6-AD5F-49F4-9804-1D36C98087BF}.Release|Any CPU.Build.0 = Release|Any CPU
		{BA9D0269-DDC1-4A96-B9CD-EE984796CE4D}.Debug|Any CPU.ActiveCfg = Debug|Any CPU
		{BA9D0269-DDC1-4A96-B9CD-EE984796CE4D}.Debug|Any CPU.Build.0 = Debug|Any CPU
		{BA9D0269-DDC1-4A96-B9CD-EE984796CE4D}.Release|Any CPU.ActiveCfg = Release|Any CPU
		{BA9D0269-DDC1-4A96-B9CD-EE984796CE4D}.Release|Any CPU.Build.0 = Release|Any CPU
		{B2447D7F-E3CF-493B-ABCF-57399BD37579}.Debug|Any CPU.ActiveCfg = Debug|Any CPU
		{B2447D7F-E3CF-493B-ABCF-57399BD37579}.Debug|Any CPU.Build.0 = Debug|Any CPU
		{B2447D7F-E3CF-493B-ABCF-57399BD37579}.Release|Any CPU.ActiveCfg = Release|Any CPU
		{B2447D7F-E3CF-493B-ABCF-57399BD37579}.Release|Any CPU.Build.0 = Release|Any CPU
		{84F30331-4444-4557-AE26-BFF984A3B698}.Debug|Any CPU.ActiveCfg = Debug|Any CPU
		{84F30331-4444-4557-AE26-BFF984A3B698}.Debug|Any CPU.Build.0 = Debug|Any CPU
		{84F30331-4444-4557-AE26-BFF984A3B698}.Release|Any CPU.ActiveCfg = Release|Any CPU
		{84F30331-4444-4557-AE26-BFF984A3B698}.Release|Any CPU.Build.0 = Release|Any CPU
		{218EEE93-6FD8-43B9-9E55-B1B64A55716B}.Debug|Any CPU.ActiveCfg = Debug|Any CPU
		{218EEE93-6FD8-43B9-9E55-B1B64A55716B}.Debug|Any CPU.Build.0 = Debug|Any CPU
		{218EEE93-6FD8-43B9-9E55-B1B64A55716B}.Release|Any CPU.ActiveCfg = Release|Any CPU
		{218EEE93-6FD8-43B9-9E55-B1B64A55716B}.Release|Any CPU.Build.0 = Release|Any CPU
	EndGlobalSection
	GlobalSection(NestedProjects) = preSolution
		{BA9D0269-DDC1-4A96-B9CD-EE984796CE4D} = {8444736E-942C-4533-A5EB-6A63C1CD58CE}
		{B2447D7F-E3CF-493B-ABCF-57399BD37579} = {8444736E-942C-4533-A5EB-6A63C1CD58CE}
		{85931CDC-C8DB-4DDA-A5DC-13A7818DF82D} = {8444736E-942C-4533-A5EB-6A63C1CD58CE}
		{7866FBC6-AD5F-49F4-9804-1D36C98087BF} = {8444736E-942C-4533-A5EB-6A63C1CD58CE}
		{84F30331-4444-4557-AE26-BFF984A3B698} = {D6AD0676-CCB4-475E-8DAF-44B328C8ED44}
		{218EEE93-6FD8-43B9-9E55-B1B64A55716B} = {D6AD0676-CCB4-475E-8DAF-44B328C8ED44}
	EndGlobalSection
EndGlobal
