
Microsoft Visual Studio Solution File, Format Version 12.00
Project("{2150E333-8FDC-42A3-9474-1A3956D46DE8}") = "4-AspireAgent", "4-AspireAgent", "{85931CDC-C8DB-4DDA-A5DC-13A7818DF82D}"
EndProject
Project("{2150E333-8FDC-42A3-9474-1A3956D46DE8}") = "1-Basics", "1-Basics", "{8444736E-942C-4533-A5EB-6A63C1CD58CE}"
EndProject
Project("{2150E333-8FDC-42A3-9474-1A3956D46DE8}") = "2-Tools", "2-Tools", "{D6AD0676-CCB4-475E-8DAF-44B328C8ED44}"
EndProject
Project("{2150E333-8FDC-42A3-9474-1A3956D46DE8}") = "4-Multi-Agent Workflows", "4-Multi-Agent Workflows", "{7C43EC5C-2023-4EE1-95C8-E20CDE23CEE0}"
EndProject
Project("{FAE04EC0-301F-11D3-BF4B-00C04F79EFBC}") = "1-BasicWorkflow", "4-AgentWorkflow\1-BasicWorkflow\1-BasicWorkflow.csproj", "{FAF3CF67-B4FB-4881-8D57-A7F5EDD59214}"
EndProject
Project("{FAE04EC0-301F-11D3-BF4B-00C04F79EFBC}") = "2-AgentWorkflow", "4-AgentWorkflow\2-AgentWorkflow\2-AgentWorkflow.csproj", "{737E721B-2F9A-4CD0-A980-9959541FD194}"
EndProject
Project("{FAE04EC0-301F-11D3-BF4B-00C04F79EFBC}") = "1-FunctionCalls", "2-Agent Tool Use and Function\1-FunctionCalls\1-FunctionCalls.csproj", "{7A570A76-B2C0-41BC-8AD6-DF4074A6CBB1}"
EndProject
Project("{FAE04EC0-301F-11D3-BF4B-00C04F79EFBC}") = "2-HITL", "2-Agent Tool Use and Function\2-HITL\2-HITL.csproj", "{F885CC13-0D14-42E9-AEA2-766A7E009934}"
EndProject
Project("{FAE04EC0-301F-11D3-BF4B-00C04F79EFBC}") = "3-InbuiltTools", "2-Agent Tool Use and Function\3-InbuiltTools\3-InbuiltTools.csproj", "{F8BF76C6-047B-4CC2-9C2E-AA645327012D}"
EndProject
Project("{FAE04EC0-301F-11D3-BF4B-00C04F79EFBC}") = "AgenticAI", "1-BASICS\AgenticAI\AgenticAI.csproj", "{0E3DCA81-7DF6-4374-99B2-CB671DA2A7F9}"
EndProject
Project("{FAE04EC0-301F-11D3-BF4B-00C04F79EFBC}") = "2-AgentSession", "1-BASICS\2-AgentSession\2-AgentSession.csproj", "{88A87EF7-E873-4222-BB69-0A332E724DB1}"
EndProject
Project("{FAE04EC0-301F-11D3-BF4B-00C04F79EFBC}") = "3-StructuredOutput", "1-BASICS\3-StructuredOutput\3-StructuredOutput.csproj", "{DA66B06E-D707-48EC-8076-72F030684679}"
EndProject
Project("{FAE04EC0-301F-11D3-BF4B-00C04F79EFBC}") = "AspireAgent.AppHost", "1-BASICS\MinimalAgent\AspireAgent.AppHost\AspireAgent.AppHost.csproj", "{CD032710-2E97-4485-AC34-1CC9A484FB24}"
EndProject
Project("{FAE04EC0-301F-11D3-BF4B-00C04F79EFBC}") = "AspireAgent.ServiceDefaults", "1-BASICS\MinimalAgent\AspireAgent.ServiceDefaults\AspireAgent.ServiceDefaults.csproj", "{98FEFF48-E91D-47BC-8B12-118C0486BAAC}"
EndProject
Project("{FAE04EC0-301F-11D3-BF4B-00C04F79EFBC}") = "WebApi", "1-BASICS\MinimalAgent\WebApi\WebApi.csproj", "{80C81C5F-6898-4E7F-AD20-D6511A3264D0}"
EndProject
Project("{2150E333-8FDC-42A3-9474-1A3956D46DE8}") = "4-MinimalAgentTool", "4-MinimalAgentTool", "{ECA5069B-BCCB-4280-A318-2EE0DE9C5DEB}"
EndProject
Project("{FAE04EC0-301F-11D3-BF4B-00C04F79EFBC}") = "AppHost", "2-Agent Tool Use and Function\MinimalAgentWithTools\AppHost\AppHost.csproj", "{69A8AA50-15D5-4E3D-B75D-085A77ADE662}"
EndProject
Project("{FAE04EC0-301F-11D3-BF4B-00C04F79EFBC}") = "ServiceDefaults", "2-Agent Tool Use and Function\MinimalAgentWithTools\ServiceDefaults\ServiceDefaults.csproj", "{1FDBE621-5A74-4B13-8D1B-9A7F5E8BD52C}"
EndProject
Project("{FAE04EC0-301F-11D3-BF4B-00C04F79EFBC}") = "WebApi", "2-Agent Tool Use and Function\MinimalAgentWithTools\WebApi\WebApi.csproj", "{32DEEA31-A200-4794-87CF-D555580ED192}"
EndProject
Project("{2150E333-8FDC-42A3-9474-1A3956D46DE8}") = "3-Adding Context and Memory", "3-Adding Context and Memory", "{43137529-9215-4640-ABF4-21A06B3AD4CE}"
EndProject
Project("{FAE04EC0-301F-11D3-BF4B-00C04F79EFBC}") = "CustomContextProvider", "3-Adding Context and Memory\1-CustomContextProvider\CustomContextProvider.csproj", "{2265FFB3-A6EF-4F7E-BCCE-1346C3360ED5}"
EndProject
Project("{FAE04EC0-301F-11D3-BF4B-00C04F79EFBC}") = "MockCosmosDb", "3-Adding Context and Memory\2-MockCosmosDb\MockCosmosDb.csproj", "{28A89CA1-DA5E-45A2-9F7A-AFB329F136ED}"
EndProject
Project("{2150E333-8FDC-42A3-9474-1A3956D46DE8}") = "5-Agentic Workflow Orchestration Patterns", "5-Agentic Workflow Orchestration Patterns", "{97883305-B44A-4807-9AB5-91769F9F7F03}"
EndProject
Project("{FAE04EC0-301F-11D3-BF4B-00C04F79EFBC}") = "AgenticWorkflowPatterns", "5-Agentic Workflow Orchestration Patterns\1-AgenticWorkflowPatterns\AgenticWorkflowPatterns.csproj", "{74D37975-4203-4F17-96FB-C301727EEE72}"
EndProject
Project("{2150E333-8FDC-42A3-9474-1A3956D46DE8}") = "2-MinimalAgentWithWorkflows", "2-MinimalAgentWithWorkflows", "{71DEAF64-EEDC-4609-A62B-BC6A055C01FE}"
EndProject
Project("{FAE04EC0-301F-11D3-BF4B-00C04F79EFBC}") = "AppHost", "5-Agentic Workflow Orchestration Patterns\2-MinimalAgentWithWorkflows\AppHost\AppHost.csproj", "{D7D8CEF9-737A-46B3-81EB-F4AE070F3C95}"
EndProject
Project("{FAE04EC0-301F-11D3-BF4B-00C04F79EFBC}") = "ServiceDefaults", "5-Agentic Workflow Orchestration Patterns\2-MinimalAgentWithWorkflows\ServiceDefaults\ServiceDefaults.csproj", "{8B9B167A-6D60-4DB5-A47E-1ED969C343D1}"
EndProject
Project("{FAE04EC0-301F-11D3-BF4B-00C04F79EFBC}") = "WebApi", "5-Agentic Workflow Orchestration Patterns\2-MinimalAgentWithWorkflows\WebApi\WebApi.csproj", "{2B26D6D2-8CB4-4D4D-8765-67DFCCA13789}"
EndProject
Global
	GlobalSection(SolutionConfigurationPlatforms) = preSolution
		Debug|Any CPU = Debug|Any CPU
		Release|Any CPU = Release|Any CPU
	EndGlobalSection
	GlobalSection(ProjectConfigurationPlatforms) = postSolution
		{FAF3CF67-B4FB-4881-8D57-A7F5EDD59214}.Debug|Any CPU.ActiveCfg = Debug|Any CPU
		{FAF3CF67-B4FB-4881-8D57-A7F5EDD59214}.Debug|Any CPU.Build.0 = Debug|Any CPU
		{FAF3CF67-B4FB-4881-8D57-A7F5EDD59214}.Release|Any CPU.ActiveCfg = Release|Any CPU
		{FAF3CF67-B4FB-4881-8D57-A7F5EDD59214}.Release|Any CPU.Build.0 = Release|Any CPU
		{737E721B-2F9A-4CD0-A980-9959541FD194}.Debug|Any CPU.ActiveCfg = Debug|Any CPU
		{737E721B-2F9A-4CD0-A980-9959541FD194}.Debug|Any CPU.Build.0 = Debug|Any CPU
		{737E721B-2F9A-4CD0-A980-9959541FD194}.Release|Any CPU.ActiveCfg = Release|Any CPU
		{737E721B-2F9A-4CD0-A980-9959541FD194}.Release|Any CPU.Build.0 = Release|Any CPU
		{7A570A76-B2C0-41BC-8AD6-DF4074A6CBB1}.Debug|Any CPU.ActiveCfg = Debug|Any CPU
		{7A570A76-B2C0-41BC-8AD6-DF4074A6CBB1}.Debug|Any CPU.Build.0 = Debug|Any CPU
		{7A570A76-B2C0-41BC-8AD6-DF4074A6CBB1}.Release|Any CPU.ActiveCfg = Release|Any CPU
		{7A570A76-B2C0-41BC-8AD6-DF4074A6CBB1}.Release|Any CPU.Build.0 = Release|Any CPU
		{F885CC13-0D14-42E9-AEA2-766A7E009934}.Debug|Any CPU.ActiveCfg = Debug|Any CPU
		{F885CC13-0D14-42E9-AEA2-766A7E009934}.Debug|Any CPU.Build.0 = Debug|Any CPU
		{F885CC13-0D14-42E9-AEA2-766A7E009934}.Release|Any CPU.ActiveCfg = Release|Any CPU
		{F885CC13-0D14-42E9-AEA2-766A7E009934}.Release|Any CPU.Build.0 = Release|Any CPU
		{F8BF76C6-047B-4CC2-9C2E-AA645327012D}.Debug|Any CPU.ActiveCfg = Debug|Any CPU
		{F8BF76C6-047B-4CC2-9C2E-AA645327012D}.Debug|Any CPU.Build.0 = Debug|Any CPU
		{F8BF76C6-047B-4CC2-9C2E-AA645327012D}.Release|Any CPU.ActiveCfg = Release|Any CPU
		{F8BF76C6-047B-4CC2-9C2E-AA645327012D}.Release|Any CPU.Build.0 = Release|Any CPU
		{0E3DCA81-7DF6-4374-99B2-CB671DA2A7F9}.Debug|Any CPU.ActiveCfg = Debug|Any CPU
		{0E3DCA81-7DF6-4374-99B2-CB671DA2A7F9}.Debug|Any CPU.Build.0 = Debug|Any CPU
		{0E3DCA81-7DF6-4374-99B2-CB671DA2A7F9}.Release|Any CPU.ActiveCfg = Release|Any CPU
		{0E3DCA81-7DF6-4374-99B2-CB671DA2A7F9}.Release|Any CPU.Build.0 = Release|Any CPU
		{88A87EF7-E873-4222-BB69-0A332E724DB1}.Debug|Any CPU.ActiveCfg = Debug|Any CPU
		{88A87EF7-E873-4222-BB69-0A332E724DB1}.Debug|Any CPU.Build.0 = Debug|Any CPU
		{88A87EF7-E873-4222-BB69-0A332E724DB1}.Release|Any CPU.ActiveCfg = Release|Any CPU
		{88A87EF7-E873-4222-BB69-0A332E724DB1}.Release|Any CPU.Build.0 = Release|Any CPU
		{DA66B06E-D707-48EC-8076-72F030684679}.Debug|Any CPU.ActiveCfg = Debug|Any CPU
		{DA66B06E-D707-48EC-8076-72F030684679}.Debug|Any CPU.Build.0 = Debug|Any CPU
		{DA66B06E-D707-48EC-8076-72F030684679}.Release|Any CPU.ActiveCfg = Release|Any CPU
		{DA66B06E-D707-48EC-8076-72F030684679}.Release|Any CPU.Build.0 = Release|Any CPU
		{CD032710-2E97-4485-AC34-1CC9A484FB24}.Debug|Any CPU.ActiveCfg = Debug|Any CPU
		{CD032710-2E97-4485-AC34-1CC9A484FB24}.Debug|Any CPU.Build.0 = Debug|Any CPU
		{CD032710-2E97-4485-AC34-1CC9A484FB24}.Release|Any CPU.ActiveCfg = Release|Any CPU
		{CD032710-2E97-4485-AC34-1CC9A484FB24}.Release|Any CPU.Build.0 = Release|Any CPU
		{98FEFF48-E91D-47BC-8B12-118C0486BAAC}.Debug|Any CPU.ActiveCfg = Debug|Any CPU
		{98FEFF48-E91D-47BC-8B12-118C0486BAAC}.Debug|Any CPU.Build.0 = Debug|Any CPU
		{98FEFF48-E91D-47BC-8B12-118C0486BAAC}.Release|Any CPU.ActiveCfg = Release|Any CPU
		{98FEFF48-E91D-47BC-8B12-118C0486BAAC}.Release|Any CPU.Build.0 = Release|Any CPU
		{80C81C5F-6898-4E7F-AD20-D6511A3264D0}.Debug|Any CPU.ActiveCfg = Debug|Any CPU
		{80C81C5F-6898-4E7F-AD20-D6511A3264D0}.Debug|Any CPU.Build.0 = Debug|Any CPU
		{80C81C5F-6898-4E7F-AD20-D6511A3264D0}.Release|Any CPU.ActiveCfg = Release|Any CPU
		{80C81C5F-6898-4E7F-AD20-D6511A3264D0}.Release|Any CPU.Build.0 = Release|Any CPU
		{69A8AA50-15D5-4E3D-B75D-085A77ADE662}.Debug|Any CPU.ActiveCfg = Debug|Any CPU
		{69A8AA50-15D5-4E3D-B75D-085A77ADE662}.Debug|Any CPU.Build.0 = Debug|Any CPU
		{69A8AA50-15D5-4E3D-B75D-085A77ADE662}.Release|Any CPU.ActiveCfg = Release|Any CPU
		{69A8AA50-15D5-4E3D-B75D-085A77ADE662}.Release|Any CPU.Build.0 = Release|Any CPU
		{1FDBE621-5A74-4B13-8D1B-9A7F5E8BD52C}.Debug|Any CPU.ActiveCfg = Debug|Any CPU
		{1FDBE621-5A74-4B13-8D1B-9A7F5E8BD52C}.Debug|Any CPU.Build.0 = Debug|Any CPU
		{1FDBE621-5A74-4B13-8D1B-9A7F5E8BD52C}.Release|Any CPU.ActiveCfg = Release|Any CPU
		{1FDBE621-5A74-4B13-8D1B-9A7F5E8BD52C}.Release|Any CPU.Build.0 = Release|Any CPU
		{32DEEA31-A200-4794-87CF-D555580ED192}.Debug|Any CPU.ActiveCfg = Debug|Any CPU
		{32DEEA31-A200-4794-87CF-D555580ED192}.Debug|Any CPU.Build.0 = Debug|Any CPU
		{32DEEA31-A200-4794-87CF-D555580ED192}.Release|Any CPU.ActiveCfg = Release|Any CPU
		{32DEEA31-A200-4794-87CF-D555580ED192}.Release|Any CPU.Build.0 = Release|Any CPU
		{2265FFB3-A6EF-4F7E-BCCE-1346C3360ED5}.Debug|Any CPU.ActiveCfg = Debug|Any CPU
		{2265FFB3-A6EF-4F7E-BCCE-1346C3360ED5}.Debug|Any CPU.Build.0 = Debug|Any CPU
		{2265FFB3-A6EF-4F7E-BCCE-1346C3360ED5}.Release|Any CPU.ActiveCfg = Release|Any CPU
		{2265FFB3-A6EF-4F7E-BCCE-1346C3360ED5}.Release|Any CPU.Build.0 = Release|Any CPU
		{28A89CA1-DA5E-45A2-9F7A-AFB329F136ED}.Debug|Any CPU.ActiveCfg = Debug|Any CPU
		{28A89CA1-DA5E-45A2-9F7A-AFB329F136ED}.Debug|Any CPU.Build.0 = Debug|Any CPU
		{28A89CA1-DA5E-45A2-9F7A-AFB329F136ED}.Release|Any CPU.ActiveCfg = Release|Any CPU
		{28A89CA1-DA5E-45A2-9F7A-AFB329F136ED}.Release|Any CPU.Build.0 = Release|Any CPU
		{74D37975-4203-4F17-96FB-C301727EEE72}.Debug|Any CPU.ActiveCfg = Debug|Any CPU
		{74D37975-4203-4F17-96FB-C301727EEE72}.Debug|Any CPU.Build.0 = Debug|Any CPU
		{74D37975-4203-4F17-96FB-C301727EEE72}.Release|Any CPU.ActiveCfg = Release|Any CPU
		{74D37975-4203-4F17-96FB-C301727EEE72}.Release|Any CPU.Build.0 = Release|Any CPU
		{D7D8CEF9-737A-46B3-81EB-F4AE070F3C95}.Debug|Any CPU.ActiveCfg = Debug|Any CPU
		{D7D8CEF9-737A-46B3-81EB-F4AE070F3C95}.Debug|Any CPU.Build.0 = Debug|Any CPU
		{D7D8CEF9-737A-46B3-81EB-F4AE070F3C95}.Release|Any CPU.ActiveCfg = Release|Any CPU
		{D7D8CEF9-737A-46B3-81EB-F4AE070F3C95}.Release|Any CPU.Build.0 = Release|Any CPU
		{8B9B167A-6D60-4DB5-A47E-1ED969C343D1}.Debug|Any CPU.ActiveCfg = Debug|Any CPU
		{8B9B167A-6D60-4DB5-A47E-1ED969C343D1}.Debug|Any CPU.Build.0 = Debug|Any CPU
		{8B9B167A-6D60-4DB5-A47E-1ED969C343D1}.Release|Any CPU.ActiveCfg = Release|Any CPU
		{8B9B167A-6D60-4DB5-A47E-1ED969C343D1}.Release|Any CPU.Build.0 = Release|Any CPU
		{2B26D6D2-8CB4-4D4D-8765-67DFCCA13789}.Debug|Any CPU.ActiveCfg = Debug|Any CPU
		{2B26D6D2-8CB4-4D4D-8765-67DFCCA13789}.Debug|Any CPU.Build.0 = Debug|Any CPU
		{2B26D6D2-8CB4-4D4D-8765-67DFCCA13789}.Release|Any CPU.ActiveCfg = Release|Any CPU
		{2B26D6D2-8CB4-4D4D-8765-67DFCCA13789}.Release|Any CPU.Build.0 = Release|Any CPU
	EndGlobalSection
	GlobalSection(NestedProjects) = preSolution
		{85931CDC-C8DB-4DDA-A5DC-13A7818DF82D} = {8444736E-942C-4533-A5EB-6A63C1CD58CE}
		{FAF3CF67-B4FB-4881-8D57-A7F5EDD59214} = {7C43EC5C-2023-4EE1-95C8-E20CDE23CEE0}
		{737E721B-2F9A-4CD0-A980-9959541FD194} = {7C43EC5C-2023-4EE1-95C8-E20CDE23CEE0}
		{7A570A76-B2C0-41BC-8AD6-DF4074A6CBB1} = {D6AD0676-CCB4-475E-8DAF-44B328C8ED44}
		{F885CC13-0D14-42E9-AEA2-766A7E009934} = {D6AD0676-CCB4-475E-8DAF-44B328C8ED44}
		{F8BF76C6-047B-4CC2-9C2E-AA645327012D} = {D6AD0676-CCB4-475E-8DAF-44B328C8ED44}
		{0E3DCA81-7DF6-4374-99B2-CB671DA2A7F9} = {8444736E-942C-4533-A5EB-6A63C1CD58CE}
		{88A87EF7-E873-4222-BB69-0A332E724DB1} = {8444736E-942C-4533-A5EB-6A63C1CD58CE}
		{DA66B06E-D707-48EC-8076-72F030684679} = {8444736E-942C-4533-A5EB-6A63C1CD58CE}
		{CD032710-2E97-4485-AC34-1CC9A484FB24} = {85931CDC-C8DB-4DDA-A5DC-13A7818DF82D}
		{98FEFF48-E91D-47BC-8B12-118C0486BAAC} = {85931CDC-C8DB-4DDA-A5DC-13A7818DF82D}
		{80C81C5F-6898-4E7F-AD20-D6511A3264D0} = {85931CDC-C8DB-4DDA-A5DC-13A7818DF82D}
		{ECA5069B-BCCB-4280-A318-2EE0DE9C5DEB} = {D6AD0676-CCB4-475E-8DAF-44B328C8ED44}
		{69A8AA50-15D5-4E3D-B75D-085A77ADE662} = {ECA5069B-BCCB-4280-A318-2EE0DE9C5DEB}
		{1FDBE621-5A74-4B13-8D1B-9A7F5E8BD52C} = {ECA5069B-BCCB-4280-A318-2EE0DE9C5DEB}
		{32DEEA31-A200-4794-87CF-D555580ED192} = {ECA5069B-BCCB-4280-A318-2EE0DE9C5DEB}
		{2265FFB3-A6EF-4F7E-BCCE-1346C3360ED5} = {43137529-9215-4640-ABF4-21A06B3AD4CE}
		{28A89CA1-DA5E-45A2-9F7A-AFB329F136ED} = {43137529-9215-4640-ABF4-21A06B3AD4CE}
		{74D37975-4203-4F17-96FB-C301727EEE72} = {97883305-B44A-4807-9AB5-91769F9F7F03}
		{71DEAF64-EEDC-4609-A62B-BC6A055C01FE} = {97883305-B44A-4807-9AB5-91769F9F7F03}
		{D7D8CEF9-737A-46B3-81EB-F4AE070F3C95} = {71DEAF64-EEDC-4609-A62B-BC6A055C01FE}
		{8B9B167A-6D60-4DB5-A47E-1ED969C343D1} = {71DEAF64-EEDC-4609-A62B-BC6A055C01FE}
		{2B26D6D2-8CB4-4D4D-8765-67DFCCA13789} = {71DEAF64-EEDC-4609-A62B-BC6A055C01FE}
	EndGlobalSection
EndGlobal
