
Microsoft Visual Studio Solution File, Format Version 12.00
# Visual Studio Version 17
VisualStudioVersion = 17.14.36414.22
MinimumVisualStudioVersion = 10.0.40219.1
Project("{2150E333-8FDC-42A3-9474-1A3956D46DE8}") = "section5_llms", "section5_llms", "{02EA681E-C7D8-13C7-8484-4AC65E1B71E8}"
EndProject
Project("{FAE04EC0-301F-11D3-BF4B-00C04F79EFBC}") = "TextCompletion", "TextCompletion\TextCompletion.csproj", "{E3108ADA-FCE4-4B1D-87E3-3E52B8387C1F}"
EndProject
Project("{FAE04EC0-301F-11D3-BF4B-00C04F79EFBC}") = "TextCompletion_Ollama", "TextCompletion_Ollama\TextCompletion_Ollama.csproj", "{F51AD73C-8595-4F09-B545-4502E246E112}"
EndProject
Project("{FAE04EC0-301F-11D3-BF4B-00C04F79EFBC}") = "FunctionCall", "FunctionCall\FunctionCall.csproj", "{55A79048-3ABD-4466-8A34-673BC6487787}"
EndProject
Project("{2150E333-8FDC-42A3-9474-1A3956D46DE8}") = "section6_vectors", "section6_vectors", "{16D7C9AB-F1D0-43D7-B7D4-F54ACC480444}"
EndProject
Project("{FAE04EC0-301F-11D3-BF4B-00C04F79EFBC}") = "Embeddings", "Embeddings\Embeddings.csproj", "{0E2B4E95-25C4-4772-8E86-A2A768741D3E}"
EndProject
Project("{FAE04EC0-301F-11D3-BF4B-00C04F79EFBC}") = "VectorSearch", "VectorSearch\VectorSearch.csproj", "{193EE790-D1F2-47D9-8501-4E57D1519DDE}"
EndProject
Project("{FAE04EC0-301F-11D3-BF4B-00C04F79EFBC}") = "VectorSearch_Ollama", "VectorSearch_Ollama\VectorSearch_Ollama.csproj", "{DE415CAF-3CEF-49C9-9938-D9938C991727}"
EndProject
Project("{2150E333-8FDC-42A3-9474-1A3956D46DE8}") = "section7_rag", "section7_rag", "{8739C873-D24A-4EA7-AABA-18C8E73D6DE7}"
EndProject
Project("{FAE04EC0-301F-11D3-BF4B-00C04F79EFBC}") = "ChatApp_RAG", "ChatApp_RAG\ChatApp_RAG.csproj", "{9E5321F7-B84F-D51F-273D-2D47A58E1332}"
EndProject
Project("{FAE04EC0-301F-11D3-BF4B-00C04F79EFBC}") = "ChatApp_RAG_Ollama", "ChatApp_RAG_Ollama\ChatApp_RAG_Ollama.csproj", "{2CCFC759-51EA-1B10-D675-CC7AE4CDCCBA}"
EndProject
Project("{FAE04EC0-301F-11D3-BF4B-00C04F79EFBC}") = "ChatApp_RAG_Qdrant.AppHost", "ChatApp_RAG_Qdrant\ChatApp_RAG_Qdrant.AppHost\ChatApp_RAG_Qdrant.AppHost.csproj", "{C2924776-6433-13DF-E023-571026B37690}"
EndProject
Project("{FAE04EC0-301F-11D3-BF4B-00C04F79EFBC}") = "ChatApp_RAG_Qdrant.ServiceDefaults", "ChatApp_RAG_Qdrant\ChatApp_RAG_Qdrant.ServiceDefaults\ChatApp_RAG_Qdrant.ServiceDefaults.csproj", "{9FD10EAE-BB88-2B3A-716F-802BC6B5C983}"
EndProject
Project("{FAE04EC0-301F-11D3-BF4B-00C04F79EFBC}") = "ChatApp_RAG_Qdrant.Web", "ChatApp_RAG_Qdrant\ChatApp_RAG_Qdrant.Web\ChatApp_RAG_Qdrant.Web.csproj", "{559FF3C9-E2D9-EE11-BF45-2BB3424AAC89}"
EndProject
Project("{2150E333-8FDC-42A3-9474-1A3956D46DE8}") = "section8_vision", "section8_vision", "{1EE3905A-4879-40B8-AFAA-2F825FD8ACA6}"
EndProject
Project("{FAE04EC0-301F-11D3-BF4B-00C04F79EFBC}") = "ImageAnalysis", "ImageAnalysis\ImageAnalysis.csproj", "{58C0C205-BDE1-4FBF-A0A6-2E7158207147}"
EndProject
Project("{FAE04EC0-301F-11D3-BF4B-00C04F79EFBC}") = "TraficCamAnalysis", "TraficCamAnalysis\TraficCamAnalysis.csproj", "{4FD7E73B-7227-442A-9B76-FBE15A24C0E2}"
EndProject
Project("{FAE04EC0-301F-11D3-BF4B-00C04F79EFBC}") = "ImageAnalysis_Ollama", "ImageAnalysis_Ollama\ImageAnalysis_Ollama.csproj", "{E0922A8A-45CF-4CF0-AA14-BD429C55CADF}"
EndProject
Global
	GlobalSection(SolutionConfigurationPlatforms) = preSolution
		Debug|Any CPU = Debug|Any CPU
		Release|Any CPU = Release|Any CPU
	EndGlobalSection
	GlobalSection(ProjectConfigurationPlatforms) = postSolution
		{E3108ADA-FCE4-4B1D-87E3-3E52B8387C1F}.Debug|Any CPU.ActiveCfg = Debug|Any CPU
		{E3108ADA-FCE4-4B1D-87E3-3E52B8387C1F}.Debug|Any CPU.Build.0 = Debug|Any CPU
		{E3108ADA-FCE4-4B1D-87E3-3E52B8387C1F}.Release|Any CPU.ActiveCfg = Release|Any CPU
		{E3108ADA-FCE4-4B1D-87E3-3E52B8387C1F}.Release|Any CPU.Build.0 = Release|Any CPU
		{F51AD73C-8595-4F09-B545-4502E246E112}.Debug|Any CPU.ActiveCfg = Debug|Any CPU
		{F51AD73C-8595-4F09-B545-4502E246E112}.Debug|Any CPU.Build.0 = Debug|Any CPU
		{F51AD73C-8595-4F09-B545-4502E246E112}.Release|Any CPU.ActiveCfg = Release|Any CPU
		{F51AD73C-8595-4F09-B545-4502E246E112}.Release|Any CPU.Build.0 = Release|Any CPU
		{55A79048-3ABD-4466-8A34-673BC6487787}.Debug|Any CPU.ActiveCfg = Debug|Any CPU
		{55A79048-3ABD-4466-8A34-673BC6487787}.Debug|Any CPU.Build.0 = Debug|Any CPU
		{55A79048-3ABD-4466-8A34-673BC6487787}.Release|Any CPU.ActiveCfg = Release|Any CPU
		{55A79048-3ABD-4466-8A34-673BC6487787}.Release|Any CPU.Build.0 = Release|Any CPU
		{0E2B4E95-25C4-4772-8E86-A2A768741D3E}.Debug|Any CPU.ActiveCfg = Debug|Any CPU
		{0E2B4E95-25C4-4772-8E86-A2A768741D3E}.Debug|Any CPU.Build.0 = Debug|Any CPU
		{0E2B4E95-25C4-4772-8E86-A2A768741D3E}.Release|Any CPU.ActiveCfg = Release|Any CPU
		{0E2B4E95-25C4-4772-8E86-A2A768741D3E}.Release|Any CPU.Build.0 = Release|Any CPU
		{193EE790-D1F2-47D9-8501-4E57D1519DDE}.Debug|Any CPU.ActiveCfg = Debug|Any CPU
		{193EE790-D1F2-47D9-8501-4E57D1519DDE}.Debug|Any CPU.Build.0 = Debug|Any CPU
		{193EE790-D1F2-47D9-8501-4E57D1519DDE}.Release|Any CPU.ActiveCfg = Release|Any CPU
		{193EE790-D1F2-47D9-8501-4E57D1519DDE}.Release|Any CPU.Build.0 = Release|Any CPU
		{DE415CAF-3CEF-49C9-9938-D9938C991727}.Debug|Any CPU.ActiveCfg = Debug|Any CPU
		{DE415CAF-3CEF-49C9-9938-D9938C991727}.Debug|Any CPU.Build.0 = Debug|Any CPU
		{DE415CAF-3CEF-49C9-9938-D9938C991727}.Release|Any CPU.ActiveCfg = Release|Any CPU
		{DE415CAF-3CEF-49C9-9938-D9938C991727}.Release|Any CPU.Build.0 = Release|Any CPU
		{9E5321F7-B84F-D51F-273D-2D47A58E1332}.Debug|Any CPU.ActiveCfg = Debug|Any CPU
		{9E5321F7-B84F-D51F-273D-2D47A58E1332}.Debug|Any CPU.Build.0 = Debug|Any CPU
		{9E5321F7-B84F-D51F-273D-2D47A58E1332}.Release|Any CPU.ActiveCfg = Release|Any CPU
		{9E5321F7-B84F-D51F-273D-2D47A58E1332}.Release|Any CPU.Build.0 = Release|Any CPU
		{2CCFC759-51EA-1B10-D675-CC7AE4CDCCBA}.Debug|Any CPU.ActiveCfg = Debug|Any CPU
		{2CCFC759-51EA-1B10-D675-CC7AE4CDCCBA}.Debug|Any CPU.Build.0 = Debug|Any CPU
		{2CCFC759-51EA-1B10-D675-CC7AE4CDCCBA}.Release|Any CPU.ActiveCfg = Release|Any CPU
		{2CCFC759-51EA-1B10-D675-CC7AE4CDCCBA}.Release|Any CPU.Build.0 = Release|Any CPU
		{C2924776-6433-13DF-E023-571026B37690}.Debug|Any CPU.ActiveCfg = Debug|Any CPU
		{C2924776-6433-13DF-E023-571026B37690}.Debug|Any CPU.Build.0 = Debug|Any CPU
		{C2924776-6433-13DF-E023-571026B37690}.Release|Any CPU.ActiveCfg = Release|Any CPU
		{C2924776-6433-13DF-E023-571026B37690}.Release|Any CPU.Build.0 = Release|Any CPU
		{9FD10EAE-BB88-2B3A-716F-802BC6B5C983}.Debug|Any CPU.ActiveCfg = Debug|Any CPU
		{9FD10EAE-BB88-2B3A-716F-802BC6B5C983}.Debug|Any CPU.Build.0 = Debug|Any CPU
		{9FD10EAE-BB88-2B3A-716F-802BC6B5C983}.Release|Any CPU.ActiveCfg = Release|Any CPU
		{9FD10EAE-BB88-2B3A-716F-802BC6B5C983}.Release|Any CPU.Build.0 = Release|Any CPU
		{559FF3C9-E2D9-EE11-BF45-2BB3424AAC89}.Debug|Any CPU.ActiveCfg = Debug|Any CPU
		{559FF3C9-E2D9-EE11-BF45-2BB3424AAC89}.Debug|Any CPU.Build.0 = Debug|Any CPU
		{559FF3C9-E2D9-EE11-BF45-2BB3424AAC89}.Release|Any CPU.ActiveCfg = Release|Any CPU
		{559FF3C9-E2D9-EE11-BF45-2BB3424AAC89}.Release|Any CPU.Build.0 = Release|Any CPU
		{58C0C205-BDE1-4FBF-A0A6-2E7158207147}.Debug|Any CPU.ActiveCfg = Debug|Any CPU
		{58C0C205-BDE1-4FBF-A0A6-2E7158207147}.Debug|Any CPU.Build.0 = Debug|Any CPU
		{58C0C205-BDE1-4FBF-A0A6-2E7158207147}.Release|Any CPU.ActiveCfg = Release|Any CPU
		{58C0C205-BDE1-4FBF-A0A6-2E7158207147}.Release|Any CPU.Build.0 = Release|Any CPU
		{4FD7E73B-7227-442A-9B76-FBE15A24C0E2}.Debug|Any CPU.ActiveCfg = Debug|Any CPU
		{4FD7E73B-7227-442A-9B76-FBE15A24C0E2}.Debug|Any CPU.Build.0 = Debug|Any CPU
		{4FD7E73B-7227-442A-9B76-FBE15A24C0E2}.Release|Any CPU.ActiveCfg = Release|Any CPU
		{4FD7E73B-7227-442A-9B76-FBE15A24C0E2}.Release|Any CPU.Build.0 = Release|Any CPU
		{E0922A8A-45CF-4CF0-AA14-BD429C55CADF}.Debug|Any CPU.ActiveCfg = Debug|Any CPU
		{E0922A8A-45CF-4CF0-AA14-BD429C55CADF}.Debug|Any CPU.Build.0 = Debug|Any CPU
		{E0922A8A-45CF-4CF0-AA14-BD429C55CADF}.Release|Any CPU.ActiveCfg = Release|Any CPU
		{E0922A8A-45CF-4CF0-AA14-BD429C55CADF}.Release|Any CPU.Build.0 = Release|Any CPU
	EndGlobalSection
	GlobalSection(SolutionProperties) = preSolution
		HideSolutionNode = FALSE
	EndGlobalSection
	GlobalSection(NestedProjects) = preSolution
		{E3108ADA-FCE4-4B1D-87E3-3E52B8387C1F} = {02EA681E-C7D8-13C7-8484-4AC65E1B71E8}
		{F51AD73C-8595-4F09-B545-4502E246E112} = {02EA681E-C7D8-13C7-8484-4AC65E1B71E8}
		{55A79048-3ABD-4466-8A34-673BC6487787} = {02EA681E-C7D8-13C7-8484-4AC65E1B71E8}
		{0E2B4E95-25C4-4772-8E86-A2A768741D3E} = {16D7C9AB-F1D0-43D7-B7D4-F54ACC480444}
		{193EE790-D1F2-47D9-8501-4E57D1519DDE} = {16D7C9AB-F1D0-43D7-B7D4-F54ACC480444}
		{DE415CAF-3CEF-49C9-9938-D9938C991727} = {16D7C9AB-F1D0-43D7-B7D4-F54ACC480444}
		{9E5321F7-B84F-D51F-273D-2D47A58E1332} = {8739C873-D24A-4EA7-AABA-18C8E73D6DE7}
		{2CCFC759-51EA-1B10-D675-CC7AE4CDCCBA} = {8739C873-D24A-4EA7-AABA-18C8E73D6DE7}
		{C2924776-6433-13DF-E023-571026B37690} = {8739C873-D24A-4EA7-AABA-18C8E73D6DE7}
		{9FD10EAE-BB88-2B3A-716F-802BC6B5C983} = {8739C873-D24A-4EA7-AABA-18C8E73D6DE7}
		{559FF3C9-E2D9-EE11-BF45-2BB3424AAC89} = {8739C873-D24A-4EA7-AABA-18C8E73D6DE7}
		{58C0C205-BDE1-4FBF-A0A6-2E7158207147} = {1EE3905A-4879-40B8-AFAA-2F825FD8ACA6}
		{4FD7E73B-7227-442A-9B76-FBE15A24C0E2} = {1EE3905A-4879-40B8-AFAA-2F825FD8ACA6}
		{E0922A8A-45CF-4CF0-AA14-BD429C55CADF} = {1EE3905A-4879-40B8-AFAA-2F825FD8ACA6}
	EndGlobalSection
	GlobalSection(ExtensibilityGlobals) = postSolution
		SolutionGuid = {B2DCDD57-CBAB-4FB1-84C3-6A2810D486DE}
	EndGlobalSection
EndGlobal
