
Microsoft Visual Studio Solution File, Format Version 12.00
Project("{2150E333-8FDC-42A3-9474-1A3956D46DE8}") = "1-Enterprise Agent Development with MAF, DevUl and Aspire", "1-Enterprise Agent Development with MAF, DevUl and Aspire", "{A0F04A6B-1718-4C96-AED6-1A9685BA17F6}"
EndProject
Project("{FAE04EC0-301F-11D3-BF4B-00C04F79EFBC}") = "AppHost", "1-Enterprise Agent Development with MAF, DevUl and Aspire\MinimalAgent\AppHost\AppHost.csproj", "{037FFE5D-1257-48E4-A510-A8E845C0B5C2}"
EndProject
Project("{FAE04EC0-301F-11D3-BF4B-00C04F79EFBC}") = "ServiceDefaults", "1-Enterprise Agent Development with MAF, DevUl and Aspire\MinimalAgent\ServiceDefaults\ServiceDefaults.csproj", "{BBEEEBE2-AAB7-4F77-92FB-ACABD4E9EEFF}"
EndProject
Project("{FAE04EC0-301F-11D3-BF4B-00C04F79EFBC}") = "WebApi", "1-Enterprise Agent Development with MAF, DevUl and Aspire\MinimalAgent\WebApi\WebApi.csproj", "{EF5A8FE3-E2D0-48AE-BE70-DD145727F857}"
EndProject
Global
	GlobalSection(SolutionConfigurationPlatforms) = preSolution
		Debug|Any CPU = Debug|Any CPU
		Release|Any CPU = Release|Any CPU
	EndGlobalSection
	GlobalSection(NestedProjects) = preSolution
		{037FFE5D-1257-48E4-A510-A8E845C0B5C2} = {A0F04A6B-1718-4C96-AED6-1A9685BA17F6}
		{BBEEEBE2-AAB7-4F77-92FB-ACABD4E9EEFF} = {A0F04A6B-1718-4C96-AED6-1A9685BA17F6}
		{EF5A8FE3-E2D0-48AE-BE70-DD145727F857} = {A0F04A6B-1718-4C96-AED6-1A9685BA17F6}
	EndGlobalSection
	GlobalSection(ProjectConfigurationPlatforms) = postSolution
		{037FFE5D-1257-48E4-A510-A8E845C0B5C2}.Debug|Any CPU.ActiveCfg = Debug|Any CPU
		{037FFE5D-1257-48E4-A510-A8E845C0B5C2}.Debug|Any CPU.Build.0 = Debug|Any CPU
		{037FFE5D-1257-48E4-A510-A8E845C0B5C2}.Release|Any CPU.ActiveCfg = Release|Any CPU
		{037FFE5D-1257-48E4-A510-A8E845C0B5C2}.Release|Any CPU.Build.0 = Release|Any CPU
		{BBEEEBE2-AAB7-4F77-92FB-ACABD4E9EEFF}.Debug|Any CPU.ActiveCfg = Debug|Any CPU
		{BBEEEBE2-AAB7-4F77-92FB-ACABD4E9EEFF}.Debug|Any CPU.Build.0 = Debug|Any CPU
		{BBEEEBE2-AAB7-4F77-92FB-ACABD4E9EEFF}.Release|Any CPU.ActiveCfg = Release|Any CPU
		{BBEEEBE2-AAB7-4F77-92FB-ACABD4E9EEFF}.Release|Any CPU.Build.0 = Release|Any CPU
		{EF5A8FE3-E2D0-48AE-BE70-DD145727F857}.Debug|Any CPU.ActiveCfg = Debug|Any CPU
		{EF5A8FE3-E2D0-48AE-BE70-DD145727F857}.Debug|Any CPU.Build.0 = Debug|Any CPU
		{EF5A8FE3-E2D0-48AE-BE70-DD145727F857}.Release|Any CPU.ActiveCfg = Release|Any CPU
		{EF5A8FE3-E2D0-48AE-BE70-DD145727F857}.Release|Any CPU.Build.0 = Release|Any CPU
	EndGlobalSection
EndGlobal
